
Microsoft Visual Studio Solution File, Format Version 12.00
# Visual Studio Version 16
VisualStudioVersion = 16.0.31005.135
MinimumVisualStudioVersion = 10.0.40219.1
Project("{FAE04EC0-301F-11D3-BF4B-00C04F79EFBC}") = "AbilityScore", "AbilityScore.csproj", "{0CAE3791-BF67-4EA4-9622-2274B3F6B261}"
EndProject
Global
	GlobalSection(SolutionConfigurationPlatforms) = preSolution
		Debug|Any CPU = Debug|Any CPU
		Release|Any CPU = Release|Any CPU
	EndGlobalSection
	GlobalSection(ProjectConfigurationPlatforms) = postSolution
		{0CAE3791-BF67-4EA4-9622-2274B3F6B261}.Debug|Any CPU.ActiveCfg = Debug|Any CPU
		{0CAE3791-BF67-4EA4-9622-2274B3F6B261}.Debug|Any CPU.Build.0 = Debug|Any CPU
		{0CAE3791-BF67-4EA4-9622-2274B3F6B261}.Release|Any CPU.ActiveCfg = Release|Any CPU
		{0CAE3791-BF67-4EA4-9622-2274B3F6B261}.Release|Any CPU.Build.0 = Release|Any CPU
	EndGlobalSection
	GlobalSection(SolutionProperties) = preSolution
		HideSolutionNode = FALSE
	EndGlobalSection
	GlobalSection(ExtensibilityGlobals) = postSolution
		SolutionGuid = {AC18AE00-6272-4D32-82BE-84A19F9667DB}
	EndGlobalSection
EndGlobal
